
Microsoft Visual Studio Solution File, Format Version 12.00
# Visual Studio Version 17
VisualStudioVersion = 17.11.35327.3
MinimumVisualStudioVersion = 10.0.40219.1
Project("{FAE04EC0-301F-11D3-BF4B-00C04F79EFBC}") = "APIExamen3", "APIExamen3\APIExamen3.csproj", "{11CB0921-86CC-4337-A159-7D98DEDBDB2A}"
EndProject
Global
	GlobalSection(SolutionConfigurationPlatforms) = preSolution
		Debug|Any CPU = Debug|Any CPU
		Release|Any CPU = Release|Any CPU
	EndGlobalSection
	GlobalSection(ProjectConfigurationPlatforms) = postSolution
		{11CB0921-86CC-4337-A159-7D98DEDBDB2A}.Debug|Any CPU.ActiveCfg = Debug|Any CPU
		{11CB0921-86CC-4337-A159-7D98DEDBDB2A}.Debug|Any CPU.Build.0 = Debug|Any CPU
		{11CB0921-86CC-4337-A159-7D98DEDBDB2A}.Release|Any CPU.ActiveCfg = Release|Any CPU
		{11CB0921-86CC-4337-A159-7D98DEDBDB2A}.Release|Any CPU.Build.0 = Release|Any CPU
	EndGlobalSection
	GlobalSection(SolutionProperties) = preSolution
		HideSolutionNode = FALSE
	EndGlobalSection
	GlobalSection(ExtensibilityGlobals) = postSolution
		SolutionGuid = {B8388008-6080-482D-939F-E3B4E5A4A098}
	EndGlobalSection
EndGlobal
